<?xml version="1.0" encoding="UTF-8"?>
<CONFIG>
  <ProjectOptions>
    <Version Value="12"/>
    <PathDelim Value="\"/>
    <General>
      <Flags>
        <CompatibilityMode Value="True"/>
      </Flags>
      <Title Value="Albireo - Astronomy Toolbox"/>
      <ResourceType Value="res"/>
      <UseXPManifest Value="True"/>
      <XPManifest>
        <TextName Value="FrankSzemkus.AstronomyToolbox.Albireo"/>
        <TextDesc Value="Astronomy Software"/>
      </XPManifest>
      <Icon Value="0"/>
    </General>
    <i18n>
      <EnableI18N LFM="False"/>
    </i18n>
    <VersionInfo>
      <UseVersionInfo Value="True"/>
      <MajorVersionNr Value="1"/>
      <MinorVersionNr Value="4"/>
      <RevisionNr Value="3"/>
      <BuildNr Value="1"/>
      <Language Value="0407"/>
      <Attributes pvaPatched="True"/>
      <StringTable Comments="Astronomy Software" CompanyName="Frank Szemkus" InternalName="Albireo" LegalCopyright="(c) Frank Szemkus" LegalTrademarks="Albireo Toobox Corp." OriginalFilename="Albireo.exe" ProductName="Albireo" ProductVersion="1.4"/>
    </VersionInfo>
    <BuildModes Count="3" Active="Prod">
      <Item1 Name="Default" Default="True"/>
      <Item2 Name="Debug">
        <CompilerOptions>
          <Version Value="11"/>
          <PathDelim Value="\"/>
          <Target>
            <Filename Value="..\executable\Albireo"/>
          </Target>
          <SearchPaths>
            <IncludeFiles Value="$(ProjOutDir)"/>
            <UnitOutputDirectory Value="..\lib\$(TargetCPU)-$(TargetOS)"/>
          </SearchPaths>
          <CodeGeneration>
            <Checks>
              <IOChecks Value="True"/>
              <RangeChecks Value="True"/>
              <OverflowChecks Value="True"/>
              <StackChecks Value="True"/>
            </Checks>
            <VerifyObjMethodCallValidity Value="True"/>
            <Optimizations>
              <OptimizationLevel Value="3"/>
            </Optimizations>
            <SmallerCode Value="True"/>
          </CodeGeneration>
          <Linking>
            <LinkSmart Value="True"/>
            <Options>
              <Win32>
                <GraphicApplication Value="True"/>
              </Win32>
            </Options>
          </Linking>
          <Other>
            <Verbosity>
              <ShoLineNum Value="True"/>
            </Verbosity>
            <CompilerMessages>
              <IgnoredMessages idx5024="True"/>
            </CompilerMessages>
            <CustomOptions Value="-dLAZARUS"/>
            <OtherDefines Count="1">
              <Define0 Value="LAZARUS"/>
            </OtherDefines>
          </Other>
        </CompilerOptions>
      </Item2>
      <Item3 Name="Prod">
        <CompilerOptions>
          <Version Value="11"/>
          <PathDelim Value="\"/>
          <Target>
            <Filename Value="..\executable\Albireo"/>
          </Target>
          <SearchPaths>
            <IncludeFiles Value="$(ProjOutDir)"/>
            <UnitOutputDirectory Value="..\lib\$(TargetCPU)-$(TargetOS)"/>
          </SearchPaths>
          <CodeGeneration>
            <Checks>
              <IOChecks Value="True"/>
              <RangeChecks Value="True"/>
              <OverflowChecks Value="True"/>
              <StackChecks Value="True"/>
            </Checks>
            <Optimizations>
              <OptimizationLevel Value="3"/>
            </Optimizations>
            <SmallerCode Value="True"/>
          </CodeGeneration>
          <Linking>
            <Debugging>
              <DebugInfoType Value="dsDwarf3"/>
              <UseLineInfoUnit Value="False"/>
            </Debugging>
            <LinkSmart Value="True"/>
            <Options>
              <Win32>
                <GraphicApplication Value="True"/>
              </Win32>
            </Options>
          </Linking>
          <Other>
            <Verbosity>
              <ShoLineNum Value="True"/>
            </Verbosity>
            <CompilerMessages>
              <IgnoredMessages idx5024="True"/>
            </CompilerMessages>
            <CustomOptions Value="-dLAZARUS"/>
            <OtherDefines Count="1">
              <Define0 Value="LAZARUS"/>
            </OtherDefines>
          </Other>
        </CompilerOptions>
      </Item3>
    </BuildModes>
    <PublishOptions>
      <Version Value="2"/>
    </PublishOptions>
    <RunParams>
      <FormatVersion Value="2"/>
      <Modes Count="1">
        <Mode0 Name="default"/>
      </Modes>
    </RunParams>
    <RequiredPackages Count="3">
      <Item1>
        <PackageName Value="LazControls"/>
      </Item1>
      <Item2>
        <PackageName Value="TAChartLazarusPkg"/>
      </Item2>
      <Item3>
        <PackageName Value="LCL"/>
      </Item3>
    </RequiredPackages>
    <Units Count="59">
      <Unit0>
        <Filename Value="AstroToolBox.lpr"/>
        <IsPartOfProject Value="True"/>
        <EditorIndex Value="1"/>
        <CursorPos X="30" Y="32"/>
        <UsageCount Value="204"/>
        <Loaded Value="True"/>
      </Unit0>
      <Unit1>
        <Filename Value="U_AstroToolBox.pas"/>
        <IsPartOfProject Value="True"/>
        <ComponentName Value="F__ASTROTOOLBOX"/>
        <HasResources Value="True"/>
        <ResourceBaseClass Value="Form"/>
        <EditorIndex Value="9"/>
        <CursorPos X="16" Y="9"/>
        <UsageCount Value="204"/>
        <Bookmarks Count="6">
          <Item0 X="17" Y="8158" ID="4"/>
          <Item1 X="5" Y="12970" ID="8"/>
          <Item2 X="6" Y="7504" ID="5"/>
          <Item3 X="8" Y="3310"/>
          <Item4 X="43" Y="2468" ID="1"/>
          <Item5 X="17" Y="12820" ID="2"/>
        </Bookmarks>
        <Loaded Value="True"/>
        <LoadedDesigner Value="True"/>
      </Unit1>
      <Unit2>
        <Filename Value="U_Prefs.pas"/>
        <IsPartOfProject Value="True"/>
        <ComponentName Value="F__PREFS"/>
        <HasResources Value="True"/>
        <ResourceBaseClass Value="Form"/>
        <EditorIndex Value="8"/>
        <TopLine Value="128"/>
        <CursorPos X="29" Y="133"/>
        <UsageCount Value="200"/>
        <Loaded Value="True"/>
        <LoadedDesigner Value="True"/>
      </Unit2>
      <Unit3>
        <Filename Value="U_ALib.pas"/>
        <EditorIndex Value="16"/>
        <TopLine Value="220"/>
        <CursorPos X="8" Y="237"/>
        <UsageCount Value="132"/>
        <Loaded Value="True"/>
      </Unit3>
      <Unit4>
        <Filename Value="U_AConst.pas"/>
        <IsPartOfProject Value="True"/>
        <EditorIndex Value="14"/>
        <TopLine Value="10"/>
        <CursorPos X="11" Y="11"/>
        <UsageCount Value="200"/>
        <Loaded Value="True"/>
      </Unit4>
      <Unit5>
        <Filename Value="ToDo.txt"/>
        <EditorIndex Value="-1"/>
        <TopLine Value="573"/>
        <CursorPos X="131" Y="577"/>
        <UsageCount Value="171"/>
        <DefaultSyntaxHighlighter Value="None"/>
      </Unit5>
      <Unit6>
        <Filename Value="U_TimeStat.pas"/>
        <IsPartOfProject Value="True"/>
        <ComponentName Value="F__TIMESTAT"/>
        <HasResources Value="True"/>
        <ResourceBaseClass Value="Form"/>
        <EditorIndex Value="4"/>
        <CursorPos X="24" Y="18"/>
        <UsageCount Value="205"/>
        <Loaded Value="True"/>
        <LoadedDesigner Value="True"/>
      </Unit6>
      <Unit7>
        <Filename Value="U_Translation.pas"/>
        <IsPartOfProject Value="True"/>
        <EditorIndex Value="11"/>
        <TopLine Value="380"/>
        <CursorPos X="64" Y="403"/>
        <UsageCount Value="203"/>
        <Loaded Value="True"/>
      </Unit7>
      <Unit8>
        <Filename Value="u_aovis.pas"/>
        <IsPartOfProject Value="True"/>
        <ComponentName Value="F__AOVIS"/>
        <HasResources Value="True"/>
        <ResourceBaseClass Value="Form"/>
        <UnitName Value="U_AOVis"/>
        <EditorIndex Value="18"/>
        <TopLine Value="1564"/>
        <CursorPos X="66" Y="1580"/>
        <ComponentState Value="2"/>
        <UsageCount Value="202"/>
        <Bookmarks Count="1">
          <Item0 X="42" Y="1048" ID="9"/>
        </Bookmarks>
        <Loaded Value="True"/>
        <LoadedDesigner Value="True"/>
      </Unit8>
      <Unit9>
        <Filename Value="AO-EP.dat"/>
        <EditorIndex Value="-1"/>
        <TopLine Value="44"/>
        <CursorPos X="74" Y="55"/>
        <UsageCount Value="171"/>
        <DefaultSyntaxHighlighter Value="None"/>
      </Unit9>
      <Unit10>
        <Filename Value="StripAlbireo.bat"/>
        <IsPartOfProject Value="True"/>
        <EditorIndex Value="-1"/>
        <CursorPos Y="7"/>
        <UsageCount Value="204"/>
        <DefaultSyntaxHighlighter Value="Bat"/>
      </Unit10>
      <Unit11>
        <Filename Value="u_svg.pas"/>
        <UnitName Value="U_SVG"/>
        <EditorIndex Value="-1"/>
        <TopLine Value="89"/>
        <CursorPos X="11" Y="10"/>
        <UsageCount Value="171"/>
      </Unit11>
      <Unit12>
        <Filename Value="u_devices.pas"/>
        <IsPartOfProject Value="True"/>
        <ComponentName Value="F__DEVICES"/>
        <HasResources Value="True"/>
        <ResourceBaseClass Value="Form"/>
        <UnitName Value="U_Devices"/>
        <EditorIndex Value="-1"/>
        <CursorPos X="73" Y="10"/>
        <UsageCount Value="202"/>
      </Unit12>
      <Unit13>
        <Filename Value="Userdata\Pictures.dat"/>
        <EditorIndex Value="-1"/>
        <CursorPos X="74" Y="6"/>
        <UsageCount Value="72"/>
        <DefaultSyntaxHighlighter Value="None"/>
      </Unit13>
      <Unit14>
        <Filename Value="DBChanges.txt"/>
        <EditorIndex Value="-1"/>
        <CursorPos X="11" Y="8"/>
        <UsageCount Value="171"/>
        <DefaultSyntaxHighlighter Value="None"/>
      </Unit14>
      <Unit15>
        <Filename Value="img\Moon-old\u_starmap.pas"/>
        <IsPartOfProject Value="True"/>
        <ComponentName Value="F__STARMAP"/>
        <HasResources Value="True"/>
        <ResourceBaseClass Value="Form"/>
        <UnitName Value="U_StarMap"/>
        <EditorIndex Value="-1"/>
        <CursorPos X="31" Y="14"/>
        <ComponentState Value="1"/>
        <UsageCount Value="203"/>
      </Unit15>
      <Unit16>
        <Filename Value="u_about.pas"/>
        <IsPartOfProject Value="True"/>
        <ComponentName Value="F__ABOUT"/>
        <HasResources Value="True"/>
        <ResourceBaseClass Value="Form"/>
        <UnitName Value="U_About"/>
        <EditorIndex Value="3"/>
        <TopLine Value="13"/>
        <CursorPos X="27" Y="13"/>
        <UsageCount Value="201"/>
        <Loaded Value="True"/>
      </Unit16>
      <Unit17>
        <Filename Value="C:\lazarus\lcl\interfacebase.pp"/>
        <UnitName Value="InterfaceBase"/>
        <EditorIndex Value="-1"/>
        <CursorPos X="56" Y="30"/>
        <UsageCount Value="71"/>
      </Unit17>
      <Unit18>
        <Filename Value="u_setprefsinfo.pas"/>
        <IsPartOfProject Value="True"/>
        <ComponentName Value="F__SETPREFSINFO"/>
        <HasResources Value="True"/>
        <ResourceBaseClass Value="Form"/>
        <UnitName Value="U_SetPrefsInfo"/>
        <EditorIndex Value="-1"/>
        <CursorPos Y="3"/>
        <UsageCount Value="200"/>
      </Unit18>
      <Unit19>
        <Filename Value="u_pictureviewer.pas"/>
        <IsPartOfProject Value="True"/>
        <ComponentName Value="F__PICTUREVIEWER"/>
        <HasResources Value="True"/>
        <ResourceBaseClass Value="Form"/>
        <UnitName Value="U_PictureViewer"/>
        <EditorIndex Value="-1"/>
        <TopLine Value="4"/>
        <CursorPos X="20" Y="18"/>
        <ComponentState Value="1"/>
        <UsageCount Value="200"/>
      </Unit19>
      <Unit20>
        <Filename Value="192.168.2.120\Backup\GT0Repos\U_ALib.pas"/>
        <IsPartOfProject Value="True"/>
        <EditorIndex Value="-1"/>
        <TopLine Value="174"/>
        <CursorPos X="74" Y="189"/>
        <UsageCount Value="205"/>
        <Bookmarks Count="3">
          <Item0 X="14" Y="1417" ID="5"/>
          <Item1 X="10" Y="1351" ID="9"/>
          <Item2 X="8" Y="1151" ID="1"/>
        </Bookmarks>
      </Unit20>
      <Unit21>
        <Filename Value="u_albireolib.pas"/>
        <IsPartOfProject Value="True"/>
        <UnitName Value="U_AlbireoLib"/>
        <EditorIndex Value="17"/>
        <CursorPos X="129" Y="4"/>
        <UsageCount Value="204"/>
        <Bookmarks Count="1">
          <Item0 X="20" Y="1357" ID="3"/>
        </Bookmarks>
        <Loaded Value="True"/>
      </Unit21>
      <Unit22>
        <Filename Value="Infos.txt"/>
        <IsPartOfProject Value="True"/>
        <EditorIndex Value="-1"/>
        <TopLine Value="979"/>
        <CursorPos X="16" Y="3"/>
        <UsageCount Value="203"/>
        <DefaultSyntaxHighlighter Value="None"/>
      </Unit22>
      <Unit23>
        <Filename Value="u_dsgvo.pas"/>
        <IsPartOfProject Value="True"/>
        <ComponentName Value="F__DSGVO"/>
        <HasResources Value="True"/>
        <ResourceBaseClass Value="Form"/>
        <UnitName Value="U_DSGVO"/>
        <EditorIndex Value="2"/>
        <TopLine Value="16"/>
        <CursorPos X="40" Y="22"/>
        <UsageCount Value="200"/>
        <Loaded Value="True"/>
        <LoadedDesigner Value="True"/>
      </Unit23>
      <Unit24>
        <Filename Value="u_astrocalc.pas"/>
        <IsPartOfProject Value="True"/>
        <ComponentName Value="F__ASTROCALC"/>
        <HasResources Value="True"/>
        <ResourceBaseClass Value="Form"/>
        <EditorIndex Value="20"/>
        <TopLine Value="1989"/>
        <CursorPos X="71" Y="1998"/>
        <UsageCount Value="200"/>
        <Loaded Value="True"/>
        <LoadedDesigner Value="True"/>
      </Unit24>
      <Unit25>
        <Filename Value="u_startup.pas"/>
        <IsPartOfProject Value="True"/>
        <ComponentName Value="F__STARTUP"/>
        <HasResources Value="True"/>
        <ResourceBaseClass Value="Form"/>
        <UnitName Value="U_STARTUP"/>
        <EditorIndex Value="5"/>
        <CursorPos X="60" Y="8"/>
        <UsageCount Value="201"/>
        <Loaded Value="True"/>
      </Unit25>
      <Unit26>
        <Filename Value="u_abase.pas"/>
        <IsPartOfProject Value="True"/>
        <UnitName Value="U_ABase"/>
        <EditorIndex Value="15"/>
        <TopLine Value="3"/>
        <CursorPos X="3" Y="78"/>
        <UsageCount Value="200"/>
        <Loaded Value="True"/>
      </Unit26>
      <Unit27>
        <Filename Value="u_mshower.pas"/>
        <IsPartOfProject Value="True"/>
        <ComponentName Value="F__MSHOWER"/>
        <HasResources Value="True"/>
        <ResourceBaseClass Value="Form"/>
        <UnitName Value="U_MShower"/>
        <EditorIndex Value="-1"/>
        <CursorPos Y="20"/>
        <UsageCount Value="202"/>
      </Unit27>
      <Unit28>
        <Filename Value="u_adm.pas"/>
        <IsPartOfProject Value="True"/>
        <ComponentName Value="F__ADM"/>
        <HasResources Value="True"/>
        <ResourceBaseClass Value="Form"/>
        <UnitName Value="U_ADM"/>
        <EditorIndex Value="-1"/>
        <CursorPos X="41" Y="4"/>
        <UsageCount Value="200"/>
      </Unit28>
      <Unit29>
        <Filename Value="u_registration.pas"/>
        <ComponentName Value="F__REGISTRATION"/>
        <HasResources Value="True"/>
        <ResourceBaseClass Value="Form"/>
        <UnitName Value="U_Registration"/>
        <EditorIndex Value="-1"/>
        <TopLine Value="6"/>
        <CursorPos X="29" Y="12"/>
        <UsageCount Value="170"/>
      </Unit29>
      <Unit30>
        <Filename Value="u_newcam.pas"/>
        <IsPartOfProject Value="True"/>
        <ComponentName Value="F__NEWCAM"/>
        <HasResources Value="True"/>
        <ResourceBaseClass Value="Form"/>
        <UnitName Value="U_NewCam"/>
        <EditorIndex Value="-1"/>
        <CursorPos Y="22"/>
        <UsageCount Value="202"/>
      </Unit30>
      <Unit31>
        <Filename Value="Local\CamList.dat"/>
        <IsPartOfProject Value="True"/>
        <EditorIndex Value="-1"/>
        <CursorPos X="122"/>
        <UsageCount Value="201"/>
        <DefaultSyntaxHighlighter Value="None"/>
      </Unit31>
      <Unit32>
        <Filename Value="u_astrovoids.pas"/>
        <IsPartOfProject Value="True"/>
        <ComponentName Value="F__ASTROVOIDS"/>
        <HasResources Value="True"/>
        <ResourceBaseClass Value="Form"/>
        <UnitName Value="U_AstroVoids"/>
        <EditorIndex Value="-1"/>
        <CursorPos Y="21"/>
        <UsageCount Value="200"/>
      </Unit32>
      <Unit33>
        <Filename Value="u_eclipse_expl.pas"/>
        <IsPartOfProject Value="True"/>
        <ComponentName Value="F__ECLIPSE_EXPL"/>
        <HasResources Value="True"/>
        <ResourceBaseClass Value="Form"/>
        <UnitName Value="U_ECLIPSE_EXPL"/>
        <EditorIndex Value="-1"/>
        <CursorPos X="2" Y="2"/>
        <UsageCount Value="200"/>
      </Unit33>
      <Unit34>
        <Filename Value="u_sellang.pas"/>
        <IsPartOfProject Value="True"/>
        <ComponentName Value="F__SEL_LANG"/>
        <HasResources Value="True"/>
        <ResourceBaseClass Value="Form"/>
        <UnitName Value="U_SelLang"/>
        <EditorIndex Value="-1"/>
        <CursorPos X="32" Y="11"/>
        <UsageCount Value="204"/>
      </Unit34>
      <Unit35>
        <Filename Value="u_strmdlg.pas"/>
        <IsPartOfProject Value="True"/>
        <ComponentName Value="F__STREAMING"/>
        <HasResources Value="True"/>
        <ResourceBaseClass Value="Form"/>
        <UnitName Value="U_StrmDlg"/>
        <EditorIndex Value="13"/>
        <CursorPos X="2" Y="3"/>
        <UsageCount Value="201"/>
        <Loaded Value="True"/>
      </Unit35>
      <Unit36>
        <Filename Value="u_horcust.pas"/>
        <IsPartOfProject Value="True"/>
        <ComponentName Value="F__HOR_CUST"/>
        <HasResources Value="True"/>
        <ResourceBaseClass Value="Form"/>
        <UnitName Value="U_HorCust"/>
        <EditorIndex Value="12"/>
        <CursorPos X="2" Y="3"/>
        <UsageCount Value="208"/>
        <Loaded Value="True"/>
      </Unit36>
      <Unit37>
        <Filename Value="C:\lazarus\fpc\3.2.0\source\packages\rtl-objpas\src\inc\strutils.pp"/>
        <UnitName Value="StrUtils"/>
        <EditorIndex Value="-1"/>
        <TopLine Value="30"/>
        <CursorPos X="10" Y="48"/>
        <UsageCount Value="3"/>
      </Unit37>
      <Unit38>
        <Filename Value="C:\lazarus\components\tachart\taseries.pas"/>
        <UnitName Value="TASeries"/>
        <EditorIndex Value="-1"/>
        <TopLine Value="307"/>
        <CursorPos X="14" Y="328"/>
        <UsageCount Value="44"/>
      </Unit38>
      <Unit39>
        <Filename Value="u_reglib.pas"/>
        <UnitName Value="U_RegLib"/>
        <EditorIndex Value="-1"/>
        <CursorPos X="13" Y="10"/>
        <UsageCount Value="169"/>
      </Unit39>
      <Unit40>
        <Filename Value="COPYING.txt"/>
        <IsPartOfProject Value="True"/>
        <EditorIndex Value="23"/>
        <CursorPos X="67" Y="16"/>
        <UsageCount Value="202"/>
        <Loaded Value="True"/>
        <DefaultSyntaxHighlighter Value="None"/>
      </Unit40>
      <Unit41>
        <Filename Value="LICENSE.txt"/>
        <IsPartOfProject Value="True"/>
        <EditorIndex Value="21"/>
        <CursorPos Y="675"/>
        <UsageCount Value="202"/>
        <Loaded Value="True"/>
        <DefaultSyntaxHighlighter Value="None"/>
      </Unit41>
      <Unit42>
        <Filename Value="Z:\source-old-commercialunits\u_reglib.pas"/>
        <UnitName Value="U_RegLib"/>
        <EditorIndex Value="-1"/>
        <TopLine Value="2"/>
        <CursorPos X="17" Y="21"/>
        <UsageCount Value="3"/>
      </Unit42>
      <Unit43>
        <Filename Value="ReadMe.txt"/>
        <IsPartOfProject Value="True"/>
        <EditorIndex Value="22"/>
        <CursorPos X="138" Y="24"/>
        <UsageCount Value="201"/>
        <Loaded Value="True"/>
        <DefaultSyntaxHighlighter Value="None"/>
      </Unit43>
      <Unit44>
        <Filename Value="u_adbinfo.pas"/>
        <IsPartOfProject Value="True"/>
        <ComponentName Value="F__ADBINFO"/>
        <HasResources Value="True"/>
        <ResourceBaseClass Value="Form"/>
        <EditorIndex Value="7"/>
        <TopLine Value="54"/>
        <CursorPos X="47" Y="61"/>
        <UsageCount Value="201"/>
        <Loaded Value="True"/>
      </Unit44>
      <Unit45>
        <Filename Value="Z:\ToDo.txt"/>
        <EditorIndex Value="-1"/>
        <TopLine Value="599"/>
        <CursorPos X="6" Y="624"/>
        <UsageCount Value="30"/>
        <DefaultSyntaxHighlighter Value="None"/>
      </Unit45>
      <Unit46>
        <Filename Value="Z:\Albireo\_Backup-12-2019\source\U_AstroToolBox.pas"/>
        <EditorIndex Value="-1"/>
        <UsageCount Value="4"/>
      </Unit46>
      <Unit47>
        <Filename Value="Z:\2021-07-OPEN_SOURCE\source\U_AstroToolBox.pas"/>
        <EditorIndex Value="-1"/>
        <TopLine Value="11059"/>
        <CursorPos X="56" Y="11086"/>
        <UsageCount Value="4"/>
      </Unit47>
      <Unit48>
        <Filename Value="C:\lazarus\lcl\lclintf.pas"/>
        <UnitName Value="LCLIntf"/>
        <EditorIndex Value="-1"/>
        <TopLine Value="66"/>
        <CursorPos X="10" Y="83"/>
        <UsageCount Value="1"/>
      </Unit48>
      <Unit49>
        <Filename Value="E:\Development\Lazarus\Albireo\ToDo.txt"/>
        <EditorIndex Value="-1"/>
        <TopLine Value="640"/>
        <CursorPos X="5" Y="684"/>
        <UsageCount Value="87"/>
        <DefaultSyntaxHighlighter Value="None"/>
      </Unit49>
      <Unit50>
        <Filename Value="C:\lazarus\lcl\forms.pp"/>
        <UnitName Value="Forms"/>
        <EditorIndex Value="-1"/>
        <TopLine Value="733"/>
        <CursorPos X="3" Y="750"/>
        <UsageCount Value="4"/>
      </Unit50>
      <Unit51>
        <Filename Value="C:\lazarus\fpc\3.2.2\source\rtl\objpas\sysutils\sysstrh.inc"/>
        <EditorIndex Value="-1"/>
        <CursorPos X="41" Y="26"/>
        <UsageCount Value="8"/>
      </Unit51>
      <Unit52>
        <Filename Value="U_AstroToolBox.lfm"/>
        <EditorIndex Value="-1"/>
        <CursorPos X="7" Y="6"/>
        <UsageCount Value="1"/>
        <DefaultSyntaxHighlighter Value="LFM"/>
      </Unit52>
      <Unit53>
        <Filename Value="C:\lazarus\lcl\spin.pp"/>
        <UnitName Value="Spin"/>
        <EditorIndex Value="-1"/>
        <TopLine Value="157"/>
        <CursorPos X="14" Y="216"/>
        <UsageCount Value="23"/>
      </Unit53>
      <Unit54>
        <Filename Value="..\..\..\Albireo\ToDo.txt"/>
        <IsVisibleTab Value="True"/>
        <TopLine Value="698"/>
        <CursorPos Y="732"/>
        <UsageCount Value="75"/>
        <Loaded Value="True"/>
        <DefaultSyntaxHighlighter Value="None"/>
      </Unit54>
      <Unit55>
        <Filename Value="C:\lazarus\lcl\graphics.pp"/>
        <UnitName Value="Graphics"/>
        <EditorIndex Value="-1"/>
        <TopLine Value="243"/>
        <CursorPos X="3" Y="260"/>
        <UsageCount Value="3"/>
      </Unit55>
      <Unit56>
        <Filename Value="C:\lazarus\fpc\3.2.2\source\rtl\objpas\sysutils\osutilsh.inc"/>
        <EditorIndex Value="6"/>
        <TopLine Value="30"/>
        <CursorPos X="10" Y="47"/>
        <UsageCount Value="47"/>
        <Loaded Value="True"/>
      </Unit56>
      <Unit57>
        <Filename Value="C:\lazarus\components\tachart\tagraph.pas"/>
        <UnitName Value="TAGraph"/>
        <EditorIndex Value="19"/>
        <TopLine Value="22"/>
        <CursorPos X="3" Y="40"/>
        <UsageCount Value="45"/>
        <Loaded Value="True"/>
      </Unit57>
      <Unit58>
        <Filename Value="C:\lazarus\fpc\3.2.2\source\rtl\objpas\sysutils\datih.inc"/>
        <EditorIndex Value="10"/>
        <TopLine Value="102"/>
        <CursorPos X="10" Y="119"/>
        <UsageCount Value="21"/>
        <Loaded Value="True"/>
      </Unit58>
    </Units>
    <OtherDefines Count="1">
      <Define0 Value="LAZARUS"/>
    </OtherDefines>
    <JumpHistory Count="29" HistoryIndex="28">
      <Position1>
        <Filename Value="U_AstroToolBox.pas"/>
        <Caret Line="2507" Column="11" TopLine="2476"/>
      </Position1>
      <Position2>
        <Filename Value="U_AstroToolBox.pas"/>
        <Caret Line="2493" TopLine="2476"/>
      </Position2>
      <Position3>
        <Filename Value="U_AstroToolBox.pas"/>
        <Caret Line="2494" TopLine="2476"/>
      </Position3>
      <Position4>
        <Filename Value="U_AstroToolBox.pas"/>
        <Caret Line="2496" TopLine="2479"/>
      </Position4>
      <Position5>
        <Filename Value="U_AstroToolBox.pas"/>
        <Caret Line="2498" TopLine="2479"/>
      </Position5>
      <Position6>
        <Filename Value="U_AstroToolBox.pas"/>
        <Caret Line="2507" TopLine="2488"/>
      </Position6>
      <Position7>
        <Filename Value="U_AstroToolBox.pas"/>
        <Caret Line="2509" TopLine="2491"/>
      </Position7>
      <Position8>
        <Filename Value="U_AstroToolBox.pas"/>
        <Caret Line="2510" TopLine="2491"/>
      </Position8>
      <Position9>
        <Filename Value="U_AstroToolBox.pas"/>
        <Caret Line="2513" TopLine="2491"/>
      </Position9>
      <Position10>
        <Filename Value="U_AstroToolBox.pas"/>
        <Caret Line="2514" TopLine="2491"/>
      </Position10>
      <Position11>
        <Filename Value="U_AstroToolBox.pas"/>
        <Caret Line="2521" TopLine="2493"/>
      </Position11>
      <Position12>
        <Filename Value="U_AstroToolBox.pas"/>
        <Caret Line="2532" TopLine="2500"/>
      </Position12>
      <Position13>
        <Filename Value="U_AstroToolBox.pas"/>
        <Caret Line="2497" Column="10" TopLine="2490"/>
      </Position13>
      <Position14>
        <Filename Value="U_AstroToolBox.pas"/>
        <Caret Line="2499" TopLine="2490"/>
      </Position14>
      <Position15>
        <Filename Value="U_AstroToolBox.pas"/>
        <Caret Line="2501" TopLine="2490"/>
      </Position15>
      <Position16>
        <Filename Value="U_AstroToolBox.pas"/>
        <Caret Line="2510" TopLine="2490"/>
      </Position16>
      <Position17>
        <Filename Value="U_AstroToolBox.pas"/>
        <Caret Line="2512" TopLine="2490"/>
      </Position17>
      <Position18>
        <Filename Value="U_AstroToolBox.pas"/>
        <Caret Line="2513" TopLine="2490"/>
      </Position18>
      <Position19>
        <Filename Value="U_AstroToolBox.pas"/>
        <Caret Line="2516" TopLine="2490"/>
      </Position19>
      <Position20>
        <Filename Value="U_AstroToolBox.pas"/>
        <Caret Line="2517" TopLine="2490"/>
      </Position20>
      <Position21>
        <Filename Value="U_AstroToolBox.pas"/>
        <Caret Line="2524" TopLine="2507"/>
      </Position21>
      <Position22>
        <Filename Value="U_AstroToolBox.pas"/>
        <Caret Line="2526" TopLine="2507"/>
      </Position22>
      <Position23>
        <Filename Value="U_AstroToolBox.pas"/>
        <Caret Line="2527" TopLine="2507"/>
      </Position23>
      <Position24>
        <Filename Value="U_AstroToolBox.pas"/>
        <Caret Line="2535" TopLine="2507"/>
      </Position24>
      <Position25>
        <Filename Value="U_AstroToolBox.pas"/>
        <Caret Line="2527" Column="42" TopLine="2509"/>
      </Position25>
      <Position26>
        <Filename Value="U_AstroToolBox.pas"/>
        <Caret Line="2532" Column="91" TopLine="2507"/>
      </Position26>
      <Position27>
        <Filename Value="U_AstroToolBox.pas"/>
        <Caret Line="2530" Column="49" TopLine="2514"/>
      </Position27>
      <Position28>
        <Filename Value="U_AstroToolBox.pas"/>
        <Caret Line="2492" Column="25" TopLine="2475"/>
      </Position28>
      <Position29>
        <Filename Value="U_AstroToolBox.pas"/>
        <Caret Line="2494" Column="28" TopLine="2474"/>
      </Position29>
    </JumpHistory>
  </ProjectOptions>
  <CompilerOptions>
    <Version Value="11"/>
    <PathDelim Value="\"/>
    <Target>
      <Filename Value="..\executable\Albireo"/>
    </Target>
    <SearchPaths>
      <IncludeFiles Value="$(ProjOutDir)"/>
      <UnitOutputDirectory Value="..\lib\$(TargetCPU)-$(TargetOS)"/>
    </SearchPaths>
    <CodeGeneration>
      <Checks>
        <IOChecks Value="True"/>
        <RangeChecks Value="True"/>
        <OverflowChecks Value="True"/>
        <StackChecks Value="True"/>
      </Checks>
      <VerifyObjMethodCallValidity Value="True"/>
      <Optimizations>
        <OptimizationLevel Value="3"/>
      </Optimizations>
      <SmallerCode Value="True"/>
    </CodeGeneration>
    <Linking>
      <LinkSmart Value="True"/>
      <Options>
        <Win32>
          <GraphicApplication Value="True"/>
        </Win32>
      </Options>
    </Linking>
    <Other>
      <Verbosity>
        <ShoLineNum Value="True"/>
      </Verbosity>
      <CompilerMessages>
        <IgnoredMessages idx5024="True"/>
      </CompilerMessages>
      <CustomOptions Value="-dLAZARUS"/>
      <OtherDefines Count="1">
        <Define0 Value="LAZARUS"/>
      </OtherDefines>
    </Other>
  </CompilerOptions>
  <Debugging>
    <Watches Count="1">
      <Item1>
        <Expression Value="miZoomX1"/>
      </Item1>
    </Watches>
    <Exceptions Count="8">
      <Item1>
        <Name Value="EAbort"/>
      </Item1>
      <Item2>
        <Name Value="ECodetoolError"/>
      </Item2>
      <Item3>
        <Name Value="EFOpenError"/>
      </Item3>
      <Item4>
        <Name Value="EClassNotFound"/>
      </Item4>
      <Item5>
        <Name Value="EStringListError"/>
      </Item5>
      <Item6>
        <Name Value="RunError(219)"/>
      </Item6>
      <Item7>
        <Name Value="EInvalidCast"/>
      </Item7>
      <Item8>
        <Name Value="EListError"/>
      </Item8>
    </Exceptions>
  </Debugging>
</CONFIG>
